
Microsoft Visual Studio Solution File, Format Version 12.00
# Visual Studio 15
Project("{FAE04EC0-301F-11D3-BF4B-00C04F79EFBC}") = "Assembly-CSharp", "Assembly-CSharp.csproj", "{7DD424A9-DE69-47D2-50CE-C9B26C81D1B4}"
EndProject
Project("{FAE04EC0-301F-11D3-BF4B-00C04F79EFBC}") = "Assembly-CSharp-Editor", "Assembly-CSharp-Editor.csproj", "{630956AA-EF7C-A123-C591-055B8F6E4CAD}"
EndProject
Global
	GlobalSection(SolutionConfigurationPlatforms) = preSolution
		Debug|Any CPU = Debug|Any CPU
		Release|Any CPU = Release|Any CPU
	EndGlobalSection
	GlobalSection(ProjectConfigurationPlatforms) = postSolution
		{7DD424A9-DE69-47D2-50CE-C9B26C81D1B4}.Debug|Any CPU.ActiveCfg = Debug|Any CPU
		{7DD424A9-DE69-47D2-50CE-C9B26C81D1B4}.Debug|Any CPU.Build.0 = Debug|Any CPU
		{7DD424A9-DE69-47D2-50CE-C9B26C81D1B4}.Release|Any CPU.ActiveCfg = Release|Any CPU
		{7DD424A9-DE69-47D2-50CE-C9B26C81D1B4}.Release|Any CPU.Build.0 = Release|Any CPU
		{630956AA-EF7C-A123-C591-055B8F6E4CAD}.Debug|Any CPU.ActiveCfg = Debug|Any CPU
		{630956AA-EF7C-A123-C591-055B8F6E4CAD}.Debug|Any CPU.Build.0 = Debug|Any CPU
		{630956AA-EF7C-A123-C591-055B8F6E4CAD}.Release|Any CPU.ActiveCfg = Release|Any CPU
		{630956AA-EF7C-A123-C591-055B8F6E4CAD}.Release|Any CPU.Build.0 = Release|Any CPU
	EndGlobalSection
	GlobalSection(SolutionProperties) = preSolution
		HideSolutionNode = FALSE
	EndGlobalSection
EndGlobal
